
Microsoft Visual Studio Solution File, Format Version 12.00
# Visual Studio Version 17
VisualStudioVersion = 17.10.35027.167
MinimumVisualStudioVersion = 10.0.40219.1
Project("{FAE04EC0-301F-11D3-BF4B-00C04F79EFBC}") = "AppRpgEtec", "AppRpgEtec\AppRpgEtec.csproj", "{8F79355B-3022-409C-9505-6ACF945BD2BB}"
EndProject
Global
	GlobalSection(SolutionConfigurationPlatforms) = preSolution
		Debug|Any CPU = Debug|Any CPU
		Release|Any CPU = Release|Any CPU
	EndGlobalSection
	GlobalSection(ProjectConfigurationPlatforms) = postSolution
		{8F79355B-3022-409C-9505-6ACF945BD2BB}.Debug|Any CPU.ActiveCfg = Debug|Any CPU
		{8F79355B-3022-409C-9505-6ACF945BD2BB}.Debug|Any CPU.Build.0 = Debug|Any CPU
		{8F79355B-3022-409C-9505-6ACF945BD2BB}.Debug|Any CPU.Deploy.0 = Debug|Any CPU
		{8F79355B-3022-409C-9505-6ACF945BD2BB}.Release|Any CPU.ActiveCfg = Release|Any CPU
		{8F79355B-3022-409C-9505-6ACF945BD2BB}.Release|Any CPU.Build.0 = Release|Any CPU
		{8F79355B-3022-409C-9505-6ACF945BD2BB}.Release|Any CPU.Deploy.0 = Release|Any CPU
	EndGlobalSection
	GlobalSection(SolutionProperties) = preSolution
		HideSolutionNode = FALSE
	EndGlobalSection
	GlobalSection(ExtensibilityGlobals) = postSolution
		SolutionGuid = {F42285A6-FFF9-4E9E-8B48-317E88D32A08}
	EndGlobalSection
EndGlobal
